
Microsoft Visual Studio Solution File, Format Version 12.00
# Visual Studio Version 17
VisualStudioVersion = 17.3.32825.248
MinimumVisualStudioVersion = 10.0.40219.1
Project("{FAE04EC0-301F-11D3-BF4B-00C04F79EFBC}") = "EasyBurger.API", "EasyBurger.API\EasyBurger.API.csproj", "{42E46824-D287-4E59-A9D5-6246507E06A6}"
EndProject
Global
	GlobalSection(SolutionConfigurationPlatforms) = preSolution
		Debug|Any CPU = Debug|Any CPU
		Release|Any CPU = Release|Any CPU
	EndGlobalSection
	GlobalSection(ProjectConfigurationPlatforms) = postSolution
		{42E46824-D287-4E59-A9D5-6246507E06A6}.Debug|Any CPU.ActiveCfg = Debug|Any CPU
		{42E46824-D287-4E59-A9D5-6246507E06A6}.Debug|Any CPU.Build.0 = Debug|Any CPU
		{42E46824-D287-4E59-A9D5-6246507E06A6}.Release|Any CPU.ActiveCfg = Release|Any CPU
		{42E46824-D287-4E59-A9D5-6246507E06A6}.Release|Any CPU.Build.0 = Release|Any CPU
	EndGlobalSection
	GlobalSection(SolutionProperties) = preSolution
		HideSolutionNode = FALSE
	EndGlobalSection
	GlobalSection(ExtensibilityGlobals) = postSolution
		SolutionGuid = {C0FF7203-F681-4D4C-B1E3-17402D10825C}
	EndGlobalSection
EndGlobal
